
Microsoft Visual Studio Solution File, Format Version 12.00
# Visual Studio Version 17
VisualStudioVersion = 17.11.35312.102
MinimumVisualStudioVersion = 10.0.40219.1
Project("{888888A0-9F3D-457C-B088-3A5042F75D52}") = "QuickSort", "QuickSort\QuickSort.pyproj", "{3A293931-28AB-41B8-B4AD-1C322224D97C}"
EndProject
Global
	GlobalSection(SolutionConfigurationPlatforms) = preSolution
		Debug|Any CPU = Debug|Any CPU
		Release|Any CPU = Release|Any CPU
	EndGlobalSection
	GlobalSection(ProjectConfigurationPlatforms) = postSolution
		{3A293931-28AB-41B8-B4AD-1C322224D97C}.Debug|Any CPU.ActiveCfg = Debug|Any CPU
		{3A293931-28AB-41B8-B4AD-1C322224D97C}.Release|Any CPU.ActiveCfg = Release|Any CPU
	EndGlobalSection
	GlobalSection(SolutionProperties) = preSolution
		HideSolutionNode = FALSE
	EndGlobalSection
	GlobalSection(ExtensibilityGlobals) = postSolution
		SolutionGuid = {3A1187BE-5661-495D-AAFD-913D6C189D1E}
	EndGlobalSection
EndGlobal
